
Microsoft Visual Studio Solution File, Format Version 12.00
# Visual Studio Version 17
VisualStudioVersion = 17.1.32421.90
MinimumVisualStudioVersion = 10.0.40219.1
Project("{9A19103F-16F7-4668-BE54-9A1E7A4F7556}") = "Algorithms", "Algorithms\Algorithms.csproj", "{2AC238AA-355D-46B4-9718-4C375B652145}"
EndProject
Project("{9A19103F-16F7-4668-BE54-9A1E7A4F7556}") = "UnitTests", "UnitTests\UnitTests.csproj", "{9D5FE8C2-8960-4461-A13F-03DA325A535A}"
EndProject
Project("{9A19103F-16F7-4668-BE54-9A1E7A4F7556}") = "Console", "Console\Console.csproj", "{3D010492-A407-4189-9B36-33A19F01C0DE}"
EndProject
Project("{9A19103F-16F7-4668-BE54-9A1E7A4F7556}") = "GUI", "GUI\GUI.csproj", "{497C4810-A7AC-4817-A089-1C76A239A729}"
EndProject
Project("{54435603-DBB4-11D2-8724-00A0C9A8B90C}") = "Installer", "Installer\Installer.vdproj", "{DAF3CF4C-41E6-4C95-93AE-5ECD91BB984B}"
EndProject
Global
	GlobalSection(SolutionConfigurationPlatforms) = preSolution
		Debug|Any CPU = Debug|Any CPU
		Release|Any CPU = Release|Any CPU
	EndGlobalSection
	GlobalSection(ProjectConfigurationPlatforms) = postSolution
		{2AC238AA-355D-46B4-9718-4C375B652145}.Debug|Any CPU.ActiveCfg = Debug|Any CPU
		{2AC238AA-355D-46B4-9718-4C375B652145}.Debug|Any CPU.Build.0 = Debug|Any CPU
		{2AC238AA-355D-46B4-9718-4C375B652145}.Release|Any CPU.ActiveCfg = Release|Any CPU
		{2AC238AA-355D-46B4-9718-4C375B652145}.Release|Any CPU.Build.0 = Release|Any CPU
		{9D5FE8C2-8960-4461-A13F-03DA325A535A}.Debug|Any CPU.ActiveCfg = Debug|Any CPU
		{9D5FE8C2-8960-4461-A13F-03DA325A535A}.Debug|Any CPU.Build.0 = Debug|Any CPU
		{9D5FE8C2-8960-4461-A13F-03DA325A535A}.Release|Any CPU.ActiveCfg = Release|Any CPU
		{9D5FE8C2-8960-4461-A13F-03DA325A535A}.Release|Any CPU.Build.0 = Release|Any CPU
		{3D010492-A407-4189-9B36-33A19F01C0DE}.Debug|Any CPU.ActiveCfg = Debug|Any CPU
		{3D010492-A407-4189-9B36-33A19F01C0DE}.Debug|Any CPU.Build.0 = Debug|Any CPU
		{3D010492-A407-4189-9B36-33A19F01C0DE}.Release|Any CPU.ActiveCfg = Release|Any CPU
		{3D010492-A407-4189-9B36-33A19F01C0DE}.Release|Any CPU.Build.0 = Release|Any CPU
		{497C4810-A7AC-4817-A089-1C76A239A729}.Debug|Any CPU.ActiveCfg = Debug|Any CPU
		{497C4810-A7AC-4817-A089-1C76A239A729}.Debug|Any CPU.Build.0 = Debug|Any CPU
		{497C4810-A7AC-4817-A089-1C76A239A729}.Release|Any CPU.ActiveCfg = Release|Any CPU
		{497C4810-A7AC-4817-A089-1C76A239A729}.Release|Any CPU.Build.0 = Release|Any CPU
		{DAF3CF4C-41E6-4C95-93AE-5ECD91BB984B}.Debug|Any CPU.ActiveCfg = Debug
		{DAF3CF4C-41E6-4C95-93AE-5ECD91BB984B}.Release|Any CPU.ActiveCfg = Release
	EndGlobalSection
	GlobalSection(SolutionProperties) = preSolution
		HideSolutionNode = FALSE
	EndGlobalSection
	GlobalSection(ExtensibilityGlobals) = postSolution
		SolutionGuid = {FFA80946-C733-4EC3-91F7-2D3487041C3A}
	EndGlobalSection
EndGlobal
