
Microsoft Visual Studio Solution File, Format Version 12.00
# Visual Studio Version 16
VisualStudioVersion = 16.0.31112.23
MinimumVisualStudioVersion = 10.0.40219.1
Project("{9A19103F-16F7-4668-BE54-9A1E7A4F7556}") = "Algorithms", "Algorithms\Algorithms.csproj", "{2AC238AA-355D-46B4-9718-4C375B652145}"
EndProject
Project("{9A19103F-16F7-4668-BE54-9A1E7A4F7556}") = "UnitTests", "UnitTests\UnitTests.csproj", "{9D5FE8C2-8960-4461-A13F-03DA325A535A}"
EndProject
Project("{9A19103F-16F7-4668-BE54-9A1E7A4F7556}") = "Console", "Console\Console.csproj", "{3D010492-A407-4189-9B36-33A19F01C0DE}"
EndProject
Project("{FAE04EC0-301F-11D3-BF4B-00C04F79EFBC}") = "GUI", "GUI\GUI.csproj", "{F8CD97D1-1590-4D53-98A1-3F4B46BE46EB}"
EndProject
Global
	GlobalSection(SolutionConfigurationPlatforms) = preSolution
		Debug|Any CPU = Debug|Any CPU
		Release|Any CPU = Release|Any CPU
	EndGlobalSection
	GlobalSection(ProjectConfigurationPlatforms) = postSolution
		{2AC238AA-355D-46B4-9718-4C375B652145}.Debug|Any CPU.ActiveCfg = Debug|Any CPU
		{2AC238AA-355D-46B4-9718-4C375B652145}.Debug|Any CPU.Build.0 = Debug|Any CPU
		{2AC238AA-355D-46B4-9718-4C375B652145}.Release|Any CPU.ActiveCfg = Release|Any CPU
		{2AC238AA-355D-46B4-9718-4C375B652145}.Release|Any CPU.Build.0 = Release|Any CPU
		{9D5FE8C2-8960-4461-A13F-03DA325A535A}.Debug|Any CPU.ActiveCfg = Debug|Any CPU
		{9D5FE8C2-8960-4461-A13F-03DA325A535A}.Debug|Any CPU.Build.0 = Debug|Any CPU
		{9D5FE8C2-8960-4461-A13F-03DA325A535A}.Release|Any CPU.ActiveCfg = Release|Any CPU
		{9D5FE8C2-8960-4461-A13F-03DA325A535A}.Release|Any CPU.Build.0 = Release|Any CPU
		{3D010492-A407-4189-9B36-33A19F01C0DE}.Debug|Any CPU.ActiveCfg = Debug|Any CPU
		{3D010492-A407-4189-9B36-33A19F01C0DE}.Debug|Any CPU.Build.0 = Debug|Any CPU
		{3D010492-A407-4189-9B36-33A19F01C0DE}.Release|Any CPU.ActiveCfg = Release|Any CPU
		{3D010492-A407-4189-9B36-33A19F01C0DE}.Release|Any CPU.Build.0 = Release|Any CPU
		{F8CD97D1-1590-4D53-98A1-3F4B46BE46EB}.Debug|Any CPU.ActiveCfg = Debug|Any CPU
		{F8CD97D1-1590-4D53-98A1-3F4B46BE46EB}.Debug|Any CPU.Build.0 = Debug|Any CPU
		{F8CD97D1-1590-4D53-98A1-3F4B46BE46EB}.Release|Any CPU.ActiveCfg = Release|Any CPU
		{F8CD97D1-1590-4D53-98A1-3F4B46BE46EB}.Release|Any CPU.Build.0 = Release|Any CPU
	EndGlobalSection
	GlobalSection(SolutionProperties) = preSolution
		HideSolutionNode = FALSE
	EndGlobalSection
	GlobalSection(ExtensibilityGlobals) = postSolution
		SolutionGuid = {FFA80946-C733-4EC3-91F7-2D3487041C3A}
	EndGlobalSection
EndGlobal
